
Microsoft Visual Studio Solution File, Format Version 12.00
# Visual Studio Version 17
VisualStudioVersion = 17.13.35828.75
MinimumVisualStudioVersion = 10.0.40219.1
Project("{FAE04EC0-301F-11D3-BF4B-00C04F79EFBC}") = "Aria2.JsonRpcClient", "Aria2.JsonRpcClient\Aria2.JsonRpcClient.csproj", "{5E8037F9-4E1F-46BA-AAAF-6229E2A49934}"
	ProjectSection(ProjectDependencies) = postProject
		{4EF17E6B-21D7-438A-83D5-F89AE5DB7951} = {4EF17E6B-21D7-438A-83D5-F89AE5DB7951}
	EndProjectSection
EndProject
Project("{FAE04EC0-301F-11D3-BF4B-00C04F79EFBC}") = "Aria2.JsonRpcClient.Test", "Aria2.JsonRpcClient.Test\Aria2.JsonRpcClient.Test.csproj", "{7B0BFC12-493B-46BF-A217-8EC306CA2FB1}"
EndProject
Project("{FAE04EC0-301F-11D3-BF4B-00C04F79EFBC}") = "DocGen", "DocGen\DocGen.csproj", "{4EF17E6B-21D7-438A-83D5-F89AE5DB7951}"
EndProject
Project("{FAE04EC0-301F-11D3-BF4B-00C04F79EFBC}") = "ProjectDocumentationGenerator", "ProjectDocumentationGenerator\ProjectDocumentationGenerator.csproj", "{371D66D3-8102-4323-A9CC-B37B3A77F942}"
EndProject
Project("{FAE04EC0-301F-11D3-BF4B-00C04F79EFBC}") = "ProjectDocumentationGeneratorRunner", "ProjectDocumentationGeneratorRunner\ProjectDocumentationGeneratorRunner.csproj", "{DF06893B-521C-42DB-BCE4-A7DA28E7F34F}"
EndProject
Global
	GlobalSection(SolutionConfigurationPlatforms) = preSolution
		Debug|Any CPU = Debug|Any CPU
		Release|Any CPU = Release|Any CPU
	EndGlobalSection
	GlobalSection(ProjectConfigurationPlatforms) = postSolution
		{5E8037F9-4E1F-46BA-AAAF-6229E2A49934}.Debug|Any CPU.ActiveCfg = Debug|Any CPU
		{5E8037F9-4E1F-46BA-AAAF-6229E2A49934}.Debug|Any CPU.Build.0 = Debug|Any CPU
		{5E8037F9-4E1F-46BA-AAAF-6229E2A49934}.Release|Any CPU.ActiveCfg = Release|Any CPU
		{5E8037F9-4E1F-46BA-AAAF-6229E2A49934}.Release|Any CPU.Build.0 = Release|Any CPU
		{7B0BFC12-493B-46BF-A217-8EC306CA2FB1}.Debug|Any CPU.ActiveCfg = Debug|Any CPU
		{7B0BFC12-493B-46BF-A217-8EC306CA2FB1}.Debug|Any CPU.Build.0 = Debug|Any CPU
		{7B0BFC12-493B-46BF-A217-8EC306CA2FB1}.Release|Any CPU.ActiveCfg = Release|Any CPU
		{7B0BFC12-493B-46BF-A217-8EC306CA2FB1}.Release|Any CPU.Build.0 = Release|Any CPU
		{4EF17E6B-21D7-438A-83D5-F89AE5DB7951}.Debug|Any CPU.ActiveCfg = Debug|Any CPU
		{4EF17E6B-21D7-438A-83D5-F89AE5DB7951}.Debug|Any CPU.Build.0 = Debug|Any CPU
		{4EF17E6B-21D7-438A-83D5-F89AE5DB7951}.Release|Any CPU.ActiveCfg = Release|Any CPU
		{4EF17E6B-21D7-438A-83D5-F89AE5DB7951}.Release|Any CPU.Build.0 = Release|Any CPU
		{371D66D3-8102-4323-A9CC-B37B3A77F942}.Debug|Any CPU.ActiveCfg = Debug|Any CPU
		{371D66D3-8102-4323-A9CC-B37B3A77F942}.Debug|Any CPU.Build.0 = Debug|Any CPU
		{371D66D3-8102-4323-A9CC-B37B3A77F942}.Release|Any CPU.ActiveCfg = Release|Any CPU
		{371D66D3-8102-4323-A9CC-B37B3A77F942}.Release|Any CPU.Build.0 = Release|Any CPU
		{DF06893B-521C-42DB-BCE4-A7DA28E7F34F}.Debug|Any CPU.ActiveCfg = Debug|Any CPU
		{DF06893B-521C-42DB-BCE4-A7DA28E7F34F}.Debug|Any CPU.Build.0 = Debug|Any CPU
		{DF06893B-521C-42DB-BCE4-A7DA28E7F34F}.Release|Any CPU.ActiveCfg = Release|Any CPU
		{DF06893B-521C-42DB-BCE4-A7DA28E7F34F}.Release|Any CPU.Build.0 = Release|Any CPU
	EndGlobalSection
	GlobalSection(SolutionProperties) = preSolution
		HideSolutionNode = FALSE
	EndGlobalSection
	GlobalSection(ExtensibilityGlobals) = postSolution
		SolutionGuid = {BF42C896-92B6-45BC-A34E-78D7717B806A}
	EndGlobalSection
EndGlobal
